<?xml version="1.0" encoding="utf-8"?>
<Project ToolsVersion="4.0" xmlns="http://schemas.microsoft.com/developer/msbuild/2003">
  <ItemGroup>
    <Filter Include="Source Files">
      <UniqueIdentifier>{4FC737F1-C7A5-4376-A066-2A32D752A2FF}</UniqueIdentifier>
      <Extensions>cpp;c;cc;cxx;def;odl;idl;hpj;bat;asm;asmx</Extensions>
    </Filter>
    <Filter Include="Header Files">
      <UniqueIdentifier>{93995380-89BD-4b04-88EB-625FBE52EBFB}</UniqueIdentifier>
      <Extensions>h;hh;hpp;hxx;hm;inl;inc;xsd</Extensions>
    </Filter>
    <Filter Include="Resource Files">
      <UniqueIdentifier>{67DA6AB6-F800-4c08-8B7A-83BB121AAD01}</UniqueIdentifier>
      <Extensions>rc;ico;cur;bmp;dlg;rc2;rct;bin;rgs;gif;jpg;jpeg;jpe;resx;tiff;tif;png;wav;mfcribbon-ms</Extensions>
    </Filter>
    <Filter Include="Header Files\Systems">
      <UniqueIdentifier>{eaf84e21-8cd6-4869-9acd-472518be7b2a}</UniqueIdentifier>
    </Filter>
    <Filter Include="Header Files\Events">
      <UniqueIdentifier>{f931470e-82b6-49ca-abc2-c58f40b48452}</UniqueIdentifier>
    </Filter>
    <Filter Include="Header Files\Components">
      <UniqueIdentifier>{8c53a902-7f20-47b0-accc-692b175665ca}</UniqueIdentifier>
    </Filter>
    <Filter Include="Source Files\Systems">
      <UniqueIdentifier>{a12a9dd7-a48c-4d00-ba28-64c1cfd15029}</UniqueIdentifier>
    </Filter>
    <Filter Include="Source Files\Applications">
      <UniqueIdentifier>{93a9b014-9d80-4070-8cf0-e2eac9489185}</UniqueIdentifier>
    </Filter>
    <Filter Include="Source Files\Screens">
      <UniqueIdentifier>{af67fecd-7f8b-4791-a87a-9dd64bea1541}</UniqueIdentifier>
    </Filter>
    <Filter Include="Header Files\Systems\menu">
      <UniqueIdentifier>{209ad1a0-3a9c-4c17-a5c3-d340f649103e}</UniqueIdentifier>
    </Filter>
    <Filter Include="Source Files\Systems\menu">
      <UniqueIdentifier>{5b4bde04-d4ad-493e-94aa-964eee01309d}</UniqueIdentifier>
    </Filter>
    <Filter Include="Header Files\Components\menu">
      <UniqueIdentifier>{32dccb27-cea6-45ad-a568-dcf2d847f9ca}</UniqueIdentifier>
    </Filter>
    <Filter Include="Header Files\Applications">
      <UniqueIdentifier>{4bb3f571-9d61-46bd-9a1d-697d23c2f65e}</UniqueIdentifier>
    </Filter>
    <Filter Include="Header Files\Screens">
      <UniqueIdentifier>{25b43a95-4011-45f0-ba96-c2559e21b17c}</UniqueIdentifier>
    </Filter>
  </ItemGroup>
  <ItemGroup>
    <ClCompile Include="main.cc">
      <Filter>Source Files</Filter>
    </ClCompile>
    <ClCompile Include="Game.cc">
      <Filter>Source Files</Filter>
    </ClCompile>
    <ClCompile Include="RenderSystem.cc">
      <Filter>Source Files\Systems</Filter>
    </ClCompile>
    <ClCompile Include="MainMenuApplication.cc">
      <Filter>Source Files\Applications</Filter>
    </ClCompile>
    <ClCompile Include="GameApplication.cc">
      <Filter>Source Files\Applications</Filter>
    </ClCompile>
    <ClCompile Include="MainMenuGameScreen.cc">
      <Filter>Source Files\Screens</Filter>
    </ClCompile>
    <ClCompile Include="InputSystem.cc">
      <Filter>Source Files\Systems</Filter>
    </ClCompile>
    <ClCompile Include="ScoreSystem.cc">
      <Filter>Source Files\Systems</Filter>
    </ClCompile>
    <ClCompile Include="SpawnSystem.cc">
      <Filter>Source Files\Systems</Filter>
    </ClCompile>
    <ClCompile Include="MenuSpawnSystem.cc">
      <Filter>Source Files\Systems\menu</Filter>
    </ClCompile>
    <ClCompile Include="MenuRenderSystem.cc">
      <Filter>Source Files\Systems\menu</Filter>
    </ClCompile>
    <ClCompile Include="MenuInputSystem.cc">
      <Filter>Source Files\Systems\menu</Filter>
    </ClCompile>
    <ClCompile Include="MainGameScreen.cc">
      <Filter>Source Files\Screens</Filter>
    </ClCompile>
    <ClCompile Include="BoardSystem.cc">
      <Filter>Source Files\Systems</Filter>
    </ClCompile>
    <ClCompile Include="Piece.cc">
      <Filter>Source Files</Filter>
    </ClCompile>
    <ClCompile Include="Utils.cc">
      <Filter>Source Files</Filter>
    </ClCompile>
    <ClCompile Include="GameOverScreen.cc">
      <Filter>Source Files\Screens</Filter>
    </ClCompile>
    <ClCompile Include="GameOverApplication.cc">
      <Filter>Source Files\Applications</Filter>
    </ClCompile>
    <ClCompile Include="GameMenuApplication.cc">
      <Filter>Source Files\Applications</Filter>
    </ClCompile>
    <ClCompile Include="GameMenuScreen.cc">
      <Filter>Source Files\Screens</Filter>
    </ClCompile>
  </ItemGroup>
  <ItemGroup>
    <ClInclude Include="Settings.h">
      <Filter>Header Files</Filter>
    </ClInclude>
    <ClInclude Include="Game.h">
      <Filter>Header Files</Filter>
    </ClInclude>
    <ClInclude Include="Bitmap.h">
      <Filter>Header Files</Filter>
    </ClInclude>
    <ClInclude Include="Command.h">
      <Filter>Header Files</Filter>
    </ClInclude>
    <ClInclude Include="Resource.h">
      <Filter>Header Files</Filter>
    </ClInclude>
    <ClInclude Include="GDIBitmap.h">
      <Filter>Header Files</Filter>
    </ClInclude>
    <ClInclude Include="Utils.h">
      <Filter>Header Files</Filter>
    </ClInclude>
    <ClInclude Include="RenderSystem.h">
      <Filter>Header Files\Systems</Filter>
    </ClInclude>
    <ClInclude Include="SpawnSystem.h">
      <Filter>Header Files\Systems</Filter>
    </ClInclude>
    <ClInclude Include="ScoreSystem.h">
      <Filter>Header Files\Systems</Filter>
    </ClInclude>
    <ClInclude Include="RotateEvent.h">
      <Filter>Header Files\Events</Filter>
    </ClInclude>
    <ClInclude Include="ScoreEvent.h">
      <Filter>Header Files\Events</Filter>
    </ClInclude>
    <ClInclude Include="MoveDownEvent.h">
      <Filter>Header Files\Events</Filter>
    </ClInclude>
    <ClInclude Include="Body.h">
      <Filter>Header Files\Components</Filter>
    </ClInclude>
    <ClInclude Include="ScoreScreen.h">
      <Filter>Header Files\Components</Filter>
    </ClInclude>
    <ClInclude Include="InputSystem.h">
      <Filter>Header Files\Systems</Filter>
    </ClInclude>
    <ClInclude Include="MoveLeftEvent.h">
      <Filter>Header Files\Events</Filter>
    </ClInclude>
    <ClInclude Include="MoveRightEvent.h">
      <Filter>Header Files\Events</Filter>
    </ClInclude>
    <ClInclude Include="MenuSpawnSystem.h">
      <Filter>Header Files\Systems\menu</Filter>
    </ClInclude>
    <ClInclude Include="MenuItem.h">
      <Filter>Header Files\Components\menu</Filter>
    </ClInclude>
    <ClInclude Include="SelectedMenuItem.h">
      <Filter>Header Files\Components\menu</Filter>
    </ClInclude>
    <ClInclude Include="MenuRenderSystem.h">
      <Filter>Header Files\Systems\menu</Filter>
    </ClInclude>
    <ClInclude Include="Application.h">
      <Filter>Header Files\Applications</Filter>
    </ClInclude>
    <ClInclude Include="MainMenuApplication.h">
      <Filter>Header Files\Applications</Filter>
    </ClInclude>
    <ClInclude Include="GameApplication.h">
      <Filter>Header Files\Applications</Filter>
    </ClInclude>
    <ClInclude Include="MenuInputSystem.h">
      <Filter>Header Files\Systems\menu</Filter>
    </ClInclude>
    <ClInclude Include="GameScreen.h">
      <Filter>Header Files\Screens</Filter>
    </ClInclude>
    <ClInclude Include="MainGameScreen.h">
      <Filter>Header Files\Screens</Filter>
    </ClInclude>
    <ClInclude Include="MainMenuGameScreen.h">
      <Filter>Header Files\Screens</Filter>
    </ClInclude>
    <ClInclude Include="GameScreenType.h">
      <Filter>Header Files\Screens</Filter>
    </ClInclude>
    <ClInclude Include="BoardSystem.h">
      <Filter>Header Files\Systems</Filter>
    </ClInclude>
    <ClInclude Include="Board.h">
      <Filter>Header Files\Components</Filter>
    </ClInclude>
    <ClInclude Include="Cell.h">
      <Filter>Header Files\Components</Filter>
    </ClInclude>
    <ClInclude Include="Piece.h">
      <Filter>Header Files\Components</Filter>
    </ClInclude>
    <ClInclude Include="PieceType.h">
      <Filter>Header Files</Filter>
    </ClInclude>
    <ClInclude Include="PieceSpawnEvent.h">
      <Filter>Header Files\Events</Filter>
    </ClInclude>
    <ClInclude Include="GameOverScreen.h">
      <Filter>Header Files\Screens</Filter>
    </ClInclude>
    <ClInclude Include="GameMenuApplication.h">
      <Filter>Header Files\Applications</Filter>
    </ClInclude>
    <ClInclude Include="GameMenuScreen.h">
      <Filter>Header Files\Screens</Filter>
    </ClInclude>
    <ClInclude Include="RestartEvent.h">
      <Filter>Header Files\Events</Filter>
    </ClInclude>
    <ClInclude Include="InstantDownEvent.h">
      <Filter>Header Files\Events</Filter>
    </ClInclude>
    <ClInclude Include="GameOverApplication.h">
      <Filter>Header Files\Applications</Filter>
    </ClInclude>
  </ItemGroup>
</Project>